{
  "pins" : [
    {
      "identity" : "checkout-event-logger-ios-framework",
      "kind" : "remoteSourceControl",
      "location" : "https://github.com/checkout/checkout-event-logger-ios-framework",
      "state" : {
        "revision" : "a914d754b4ffb1843730e8e1f8e7e60c4bf81cf9",
        "version" : "1.2.4"
      }
    },
    {
      "identity" : "checkoutcardmanagement-ios",
      "kind" : "remoteSourceControl",
      "location" : "https://github.com/checkout/CheckoutCardManagement-iOS",
      "state" : {
        "revision" : "afb42a6e1cd094bf2bef6945458f8b757c19346e",
        "version" : "3.0.0"
      }
    },
    {
      "identity" : "networkclient-ios",
      "kind" : "remoteSourceControl",
      "location" : "https://github.com/checkout/NetworkClient-iOS",
      "state" : {
        "revision" : "53f91a4bb9b8f0477569a1c77ed2d9bdca15782d",
        "version" : "1.1.2"
      }
    }
  ],
  "version" : 2
}
